
Microsoft Visual Studio Solution File, Format Version 12.00
# Visual Studio 15
VisualStudioVersion = 15.0.26730.10
MinimumVisualStudioVersion = 10.0.40219.1
Project("{FAE04EC0-301F-11D3-BF4B-00C04F79EFBC}") = "Shipping", "Preconditions\Shipping.csproj", "{A8B3BA80-3B98-431B-B52C-50FB6C67A19A}"
EndProject
Project("{FAE04EC0-301F-11D3-BF4B-00C04F79EFBC}") = "Shipping.Tests", "Preconditions.Tests\Shipping.Tests.csproj", "{E5D606DF-32BD-4867-A912-DA7E24E3CC09}"
EndProject
Global
	GlobalSection(SolutionConfigurationPlatforms) = preSolution
		Debug|Any CPU = Debug|Any CPU
		Release|Any CPU = Release|Any CPU
	EndGlobalSection
	GlobalSection(ProjectConfigurationPlatforms) = postSolution
		{A8B3BA80-3B98-431B-B52C-50FB6C67A19A}.Debug|Any CPU.ActiveCfg = Debug|Any CPU
		{A8B3BA80-3B98-431B-B52C-50FB6C67A19A}.Debug|Any CPU.Build.0 = Debug|Any CPU
		{A8B3BA80-3B98-431B-B52C-50FB6C67A19A}.Release|Any CPU.ActiveCfg = Release|Any CPU
		{A8B3BA80-3B98-431B-B52C-50FB6C67A19A}.Release|Any CPU.Build.0 = Release|Any CPU
		{E5D606DF-32BD-4867-A912-DA7E24E3CC09}.Debug|Any CPU.ActiveCfg = Debug|Any CPU
		{E5D606DF-32BD-4867-A912-DA7E24E3CC09}.Debug|Any CPU.Build.0 = Debug|Any CPU
		{E5D606DF-32BD-4867-A912-DA7E24E3CC09}.Release|Any CPU.ActiveCfg = Release|Any CPU
		{E5D606DF-32BD-4867-A912-DA7E24E3CC09}.Release|Any CPU.Build.0 = Release|Any CPU
	EndGlobalSection
	GlobalSection(SolutionProperties) = preSolution
		HideSolutionNode = FALSE
	EndGlobalSection
	GlobalSection(ExtensibilityGlobals) = postSolution
		SolutionGuid = {F22ED9EA-4E75-4F45-9F78-0E9497962367}
	EndGlobalSection
EndGlobal
