
Microsoft Visual Studio Solution File, Format Version 12.00
# Visual Studio 15
VisualStudioVersion = 15.0.26730.10
MinimumVisualStudioVersion = 10.0.40219.1
Project("{9A19103F-16F7-4668-BE54-9A1E7A4F7556}") = "Shipping", "Shipping\Shipping.csproj", "{BF25B8EE-C426-4745-BBF9-F2F726C9F6BF}"
EndProject
Project("{9A19103F-16F7-4668-BE54-9A1E7A4F7556}") = "Shipping.Tests", "Shipping.Tests\Shipping.Tests.csproj", "{9D06F6EC-BE85-4E16-A344-93492352726F}"
EndProject
Project("{2150E333-8FDC-42A3-9474-1A3956D46DE8}") = "Solution Items", "Solution Items", "{99E79B16-B31A-443A-8B58-99DC9A7D3287}"
	ProjectSection(SolutionItems) = preProject
		README.md = README.md
	EndProjectSection
EndProject
Global
	GlobalSection(SolutionConfigurationPlatforms) = preSolution
		Debug|Any CPU = Debug|Any CPU
		Release|Any CPU = Release|Any CPU
	EndGlobalSection
	GlobalSection(ProjectConfigurationPlatforms) = postSolution
		{BF25B8EE-C426-4745-BBF9-F2F726C9F6BF}.Debug|Any CPU.ActiveCfg = Debug|Any CPU
		{BF25B8EE-C426-4745-BBF9-F2F726C9F6BF}.Debug|Any CPU.Build.0 = Debug|Any CPU
		{BF25B8EE-C426-4745-BBF9-F2F726C9F6BF}.Release|Any CPU.ActiveCfg = Release|Any CPU
		{BF25B8EE-C426-4745-BBF9-F2F726C9F6BF}.Release|Any CPU.Build.0 = Release|Any CPU
		{9D06F6EC-BE85-4E16-A344-93492352726F}.Debug|Any CPU.ActiveCfg = Debug|Any CPU
		{9D06F6EC-BE85-4E16-A344-93492352726F}.Debug|Any CPU.Build.0 = Debug|Any CPU
		{9D06F6EC-BE85-4E16-A344-93492352726F}.Release|Any CPU.ActiveCfg = Release|Any CPU
		{9D06F6EC-BE85-4E16-A344-93492352726F}.Release|Any CPU.Build.0 = Release|Any CPU
	EndGlobalSection
	GlobalSection(SolutionProperties) = preSolution
		HideSolutionNode = FALSE
	EndGlobalSection
	GlobalSection(ExtensibilityGlobals) = postSolution
		SolutionGuid = {89B65C5B-AE2D-40B7-BCBB-915B9EDF3126}
	EndGlobalSection
EndGlobal
